{
  "version": 1,
  "dependencies": {
    "net10.0": {
      "CommandLineParser": {
        "type": "Direct",
        "requested": "[2.9.1, )",
        "resolved": "2.9.1",
        "contentHash": "OE0sl1/sQ37bjVsPKKtwQlWDgqaxWgtme3xZz7JssWUzg5JpMIyHgCTY9MVMxOg48fJ1AgGT3tgdH5m/kQ5xhA=="
      },
      "Discord.Net": {
        "type": "Direct",
        "requested": "[3.19.0, )",
        "resolved": "3.19.0",
        "contentHash": "b6mbQubOsOp1ON+NWXEk6DNzjmq5twLBq5JJddAM/yXOFMpcjYz7Kvl5ovWUOPs/Vfgow75bhzz7YTNwpWpUlg==",
        "dependencies": {
          "Discord.Net.Commands": "3.19.0",
          "Discord.Net.Core": "3.19.0",
          "Discord.Net.Interactions": "3.19.0",
          "Discord.Net.Rest": "3.19.0",
          "Discord.Net.WebSocket": "3.19.0",
          "Discord.Net.Webhook": "3.19.0"
        }
      },
      "DotNetEnv": {
        "type": "Direct",
        "requested": "[3.1.1, )",
        "resolved": "3.1.1",
        "contentHash": "o4SqUVCq0pqHF/HYsZk6k22XGIVmvsDVo+Dy7l0ubq9uQ45JkXswrMRJmYvhGLXWFYF0M5OupMonytB+0zvpGQ==",
        "dependencies": {
          "Microsoft.Extensions.Configuration": "1.1.2",
          "Microsoft.Extensions.Configuration.Abstractions": "1.1.2",
          "NETStandard.Library": "1.6.1",
          "Sprache": "2.3.1"
        }
      },
      "MathNet.Numerics": {
        "type": "Direct",
        "requested": "[5.0.0, )",
        "resolved": "5.0.0",
        "contentHash": "pg1W2VwaEQMAiTpGK840hZgzavnqjlCMTVSbtVCXVyT+7AX4mc1o89SPv4TBlAjhgCOo9c1Y+jZ5m3ti2YgGgA=="
      },
      "Microsoft.Data.Sqlite": {
        "type": "Direct",
        "requested": "[10.0.4, )",
        "resolved": "10.0.4",
        "contentHash": "psCr4snt5X4nUYsbdKEVAd+Mi87youewT0aG3oZznkLoKKn7wCaKdvRdAWRZLjCl8QVkNPC1PivO9gd0pmsQPw==",
        "dependencies": {
          "Microsoft.Data.Sqlite.Core": "10.0.4",
          "SQLitePCLRaw.bundle_e_sqlite3": "2.1.11",
          "SQLitePCLRaw.core": "2.1.11"
        }
      },
      "Newtonsoft.Json": {
        "type": "Direct",
        "requested": "[13.0.4, )",
        "resolved": "13.0.4",
        "contentHash": "pdgNNMai3zv51W5aq268sujXUyx7SNdE2bj1wZcWjAQrKMFZV260lbqYop1d2GM67JI1huLRwxo9ZqnfF/lC6A=="
      },
      "Discord.Net.Commands": {
        "type": "Transitive",
        "resolved": "3.19.0",
        "contentHash": "FJs+q2OXCzfO9oENwaLm9b+t9AGvOEsMkvjUlaL0D3GNo2s5pyn5Wu6rPXQNw9pxDv6YBgHKAlJ0B1w3DamDUA==",
        "dependencies": {
          "Discord.Net.Core": "3.19.0",
          "Microsoft.Extensions.DependencyInjection.Abstractions": "10.0.0"
        }
      },
      "Discord.Net.Core": {
        "type": "Transitive",
        "resolved": "3.19.0",
        "contentHash": "UbrVd6XBmQLkB1LmZfGqpxoxHoFHeKa/OPxBxVHPV8RbszzM0XDu01LKPFYIBmcdp7qOIlmbqiXLz40b0WQ8Dw==",
        "dependencies": {
          "Newtonsoft.Json": "13.0.4"
        }
      },
      "Discord.Net.Dave": {
        "type": "Transitive",
        "resolved": "3.19.0",
        "contentHash": "yP/vRNnXXVgCB52dYRRUZth3a+FTcBgJfWt6nqru5ey0WaUcKADt+8rNFLbvy8ad45v5Q/xRP36KT84QWPb6aQ=="
      },
      "Discord.Net.Interactions": {
        "type": "Transitive",
        "resolved": "3.19.0",
        "contentHash": "SsZHAOMu9AsIzlfdhg0mtejqW/IYJ5GVI8DkoU47kMl+Wfcwjjy+t6RGnYCZSqceYErf102OrCZZTRIV6rvcdw==",
        "dependencies": {
          "Discord.Net.Core": "3.19.0",
          "Discord.Net.Rest": "3.19.0",
          "Microsoft.Extensions.DependencyInjection.Abstractions": "10.0.0"
        }
      },
      "Discord.Net.Rest": {
        "type": "Transitive",
        "resolved": "3.19.0",
        "contentHash": "478t89Xv7faDQWmJM3vMd4Z3zXT2+kAEbT4spkWv/JcLqb9ltvwCS5SlczBNhMOY5IiW4bcEn2SnP3oKFu9YOQ==",
        "dependencies": {
          "Discord.Net.Core": "3.19.0"
        }
      },
      "Discord.Net.Webhook": {
        "type": "Transitive",
        "resolved": "3.19.0",
        "contentHash": "h2WD1gaylHAectZFSaF06iE5XKzymnv7fnToUt490qP9OW1vDxLanACyHlZVolbndE9T0nE6eNLKsz7HY//Taw==",
        "dependencies": {
          "Discord.Net.Core": "3.19.0",
          "Discord.Net.Rest": "3.19.0"
        }
      },
      "Discord.Net.WebSocket": {
        "type": "Transitive",
        "resolved": "3.19.0",
        "contentHash": "rQj4PI29hJnyXQnWl0K49APVK4RJVJfVJMREMF7eyzfxl11ORfBqZSxb1jNLVH0CV5oPoocmIOFxgTEfbN4KHw==",
        "dependencies": {
          "Discord.Net.Core": "3.19.0",
          "Discord.Net.Dave": "3.19.0",
          "Discord.Net.Rest": "3.19.0"
        }
      },
      "Microsoft.Data.Sqlite.Core": {
        "type": "Transitive",
        "resolved": "10.0.4",
        "contentHash": "UkmpN2pDkrtVLh+ypRDCbBij9mhPqOPzvHI625rf+VeT3FHnBwBjAY7XgjK8rGDI74fDx7C1SSIf2OAaAX4g2A==",
        "dependencies": {
          "SQLitePCLRaw.core": "2.1.11"
        }
      },
      "Microsoft.Extensions.Configuration": {
        "type": "Transitive",
        "resolved": "1.1.2",
        "contentHash": "eK5BHx/pHLGGO/WDo7CS070MGgx3N7B/ORO/oKeS0qgCyv+ZAR47YWKXmG5aF+lIrAJd3uJjMTdTKgXTU2UDWw==",
        "dependencies": {
          "Microsoft.Extensions.Configuration.Abstractions": "1.1.2",
          "NETStandard.Library": "1.6.1"
        }
      },
      "Microsoft.Extensions.Configuration.Abstractions": {
        "type": "Transitive",
        "resolved": "1.1.2",
        "contentHash": "I1BRk2OCjOondHFc0flHFMxLTbsOPQdB0CxexkZOHcAD1oAWC2KcpxvmmQ07kLUcYKbtSdtvPkm7YPdw8bdJ9Q==",
        "dependencies": {
          "Microsoft.Extensions.Primitives": "1.1.1",
          "NETStandard.Library": "1.6.1"
        }
      },
      "Microsoft.Extensions.DependencyInjection.Abstractions": {
        "type": "Transitive",
        "resolved": "10.0.0",
        "contentHash": "L3AdmZ1WOK4XXT5YFPEwyt0ep6l8lGIPs7F5OOBZc77Zqeo01Of7XXICy47628sdVl0v/owxYJTe86DTgFwKCA=="
      },
      "Microsoft.Extensions.Primitives": {
        "type": "Transitive",
        "resolved": "1.1.1",
        "contentHash": "MrsHOyFpwT+LBzGWp/Oq3pV1Vku8FYE6hgO+2XR0WBRtoI9EaJcpRbtBabS7pXYrkIN1/LOXACpZ9Stqmbrs6A==",
        "dependencies": {
          "NETStandard.Library": "1.6.1"
        }
      },
      "Microsoft.NETCore.Platforms": {
        "type": "Transitive",
        "resolved": "1.1.0",
        "contentHash": "kz0PEW2lhqygehI/d6XsPCQzD7ff7gUJaVGPVETX611eadGsA3A877GdSlU0LRVMCTH/+P3o2iDTak+S08V2+A=="
      },
      "NETStandard.Library": {
        "type": "Transitive",
        "resolved": "1.6.1",
        "contentHash": "WcSp3+vP+yHNgS8EV5J7pZ9IRpeDuARBPN28by8zqff1wJQXm26PVU8L3/fYLBJVU7BtDyqNVWq2KlCVvSSR4A==",
        "dependencies": {
          "Microsoft.NETCore.Platforms": "1.1.0"
        }
      },
      "Sprache": {
        "type": "Transitive",
        "resolved": "2.3.1",
        "contentHash": "Q+mXeiTxiUYG3lKYF6TS82/SyB4F2613Q1yXTMwg4jWGHEEVC3yrzHtNcI4B3qnDI0+eJsezGJ0V+cToUytHWw=="
      },
      "SQLitePCLRaw.bundle_e_sqlite3": {
        "type": "Transitive",
        "resolved": "2.1.11",
        "contentHash": "DC4nA7yWnf4UZdgJDF+9Mus4/cb0Y3Sfgi3gDnAoKNAIBwzkskNAbNbyu+u4atT0ruVlZNJfwZmwiEwE5oz9LQ==",
        "dependencies": {
          "SQLitePCLRaw.lib.e_sqlite3": "2.1.11",
          "SQLitePCLRaw.provider.e_sqlite3": "2.1.11"
        }
      },
      "SQLitePCLRaw.core": {
        "type": "Transitive",
        "resolved": "2.1.11",
        "contentHash": "PK0GLFkfhZzLQeR3PJf71FmhtHox+U3vcY6ZtswoMjrefkB9k6ErNJEnwXqc5KgXDSjige2XXrezqS39gkpQKA=="
      },
      "SQLitePCLRaw.lib.e_sqlite3": {
        "type": "Transitive",
        "resolved": "2.1.11",
        "contentHash": "Ev2ytaXiOlWZ4b3R67GZBsemTINslLD1DCJr2xiacpn4tbapu0Q4dHEzSvZSMnVWeE5nlObU3VZN2p81q3XOYQ=="
      },
      "SQLitePCLRaw.provider.e_sqlite3": {
        "type": "Transitive",
        "resolved": "2.1.11",
        "contentHash": "Y/0ZkR+r0Cg3DQFuCl1RBnv/tmxpIZRU3HUvelPw6MVaKHwYYR8YNvgs0vuNuXCMvlyJ+Fh88U1D4tah1tt6qw==",
        "dependencies": {
          "SQLitePCLRaw.core": "2.1.11"
        }
      }
    },
    "net10.0/linux-arm64": {
      "SQLitePCLRaw.lib.e_sqlite3": {
        "type": "Transitive",
        "resolved": "2.1.11",
        "contentHash": "Ev2ytaXiOlWZ4b3R67GZBsemTINslLD1DCJr2xiacpn4tbapu0Q4dHEzSvZSMnVWeE5nlObU3VZN2p81q3XOYQ=="
      }
    },
    "net10.0/linux-x64": {
      "SQLitePCLRaw.lib.e_sqlite3": {
        "type": "Transitive",
        "resolved": "2.1.11",
        "contentHash": "Ev2ytaXiOlWZ4b3R67GZBsemTINslLD1DCJr2xiacpn4tbapu0Q4dHEzSvZSMnVWeE5nlObU3VZN2p81q3XOYQ=="
      }
    }
  }
}